// !$*UTF8*$!
{
	archiveVersion = 1;
	classes = {
	};
	objectVersion = 77;
	objects = {

/* Begin PBXContainerItemProxy section */
		DEBF60A12DB2C53B00A0D8CA /* PBXContainerItemProxy */ = {
			isa = PBXContainerItemProxy;
			containerPortal = DEBF608B2DB2C53900A0D8CA /* Project object */;
			proxyType = 1;
			remoteGlobalIDString = DEBF60922DB2C53900A0D8CA;
			remoteInfo = TestNews;
		};
		DEBF60AB2DB2C53B00A0D8CA /* PBXContainerItemProxy */ = {
			isa = PBXContainerItemProxy;
			containerPortal = DEBF608B2DB2C53900A0D8CA /* Project object */;
			proxyType = 1;
			remoteGlobalIDString = DEBF60922DB2C53900A0D8CA;
			remoteInfo = TestNews;
		};
/* End PBXContainerItemProxy section */

/* Begin PBXFileReference section */
		DEBF60932DB2C53900A0D8CA /* TestNews.app */ = {isa = PBXFileReference; explicitFileType = wrapper.application; includeInIndex = 0; path = TestNews.app; sourceTree = BUILT_PRODUCTS_DIR; };
		DEBF60A02DB2C53B00A0D8CA /* TestNewsTests.xctest */ = {isa = PBXFileReference; explicitFileType = wrapper.cfbundle; includeInIndex = 0; path = TestNewsTests.xctest; sourceTree = BUILT_PRODUCTS_DIR; };
		DEBF60AA2DB2C53B00A0D8CA /* TestNewsUITests.xctest */ = {isa = PBXFileReference; explicitFileType = wrapper.cfbundle; includeInIndex = 0; path = TestNewsUITests.xctest; sourceTree = BUILT_PRODUCTS_DIR; };
/* End PBXFileReference section */

/* Begin PBXFileSystemSynchronizedRootGroup section */
		DEBF60952DB2C53900A0D8CA /* TestNews */ = {
			isa = PBXFileSystemSynchronizedRootGroup;
			path = TestNews;
			sourceTree = "<group>";
		};
		DEBF60A32DB2C53B00A0D8CA /* TestNewsTests */ = {
			isa = PBXFileSystemSynchronizedRootGroup;
			path = TestNewsTests;
			sourceTree = "<group>";
		};
		DEBF60AD2DB2C53B00A0D8CA /* TestNewsUITests */ = {
			isa = PBXFileSystemSynchronizedRootGroup;
			path = TestNewsUITests;
			sourceTree = "<group>";
		};
/* End PBXFileSystemSynchronizedRootGroup section */

/* Begin PBXFrameworksBuildPhase section */
		DEBF60902DB2C53900A0D8CA /* Frameworks */ = {
			isa = PBXFrameworksBuildPhase;
			buildActionMask = 2147483647;
			files = (
			);
			runOnlyForDeploymentPostprocessing = 0;
		};
		DEBF609D2DB2C53B00A0D8CA /* Frameworks */ = {
			isa = PBXFrameworksBuildPhase;
			buildActionMask = 2147483647;
			files = (
			);
			runOnlyForDeploymentPostprocessing = 0;
		};
		DEBF60A72DB2C53B00A0D8CA /* Frameworks */ = {
			isa = PBXFrameworksBuildPhase;
			buildActionMask = 2147483647;
			files = (
			);
			runOnlyForDeploymentPostprocessing = 0;
		};
/* End PBXFrameworksBuildPhase section */

/* Begin PBXGroup section */
		DEBF608A2DB2C53900A0D8CA = {
			isa = PBXGroup;
			children = (
				DEBF60952DB2C53900A0D8CA /* TestNews */,
				DEBF60A32DB2C53B00A0D8CA /* TestNewsTests */,
				DEBF60AD2DB2C53B00A0D8CA /* TestNewsUITests */,
				DEBF60942DB2C53900A0D8CA /* Products */,
			);
			sourceTree = "<group>";
		};
		DEBF60942DB2C53900A0D8CA /* Products */ = {
			isa = PBXGroup;
			children = (
				DEBF60932DB2C53900A0D8CA /* TestNews.app */,
				DEBF60A02DB2C53B00A0D8CA /* TestNewsTests.xctest */,
				DEBF60AA2DB2C53B00A0D8CA /* TestNewsUITests.xctest */,
			);
			name = Products;
			sourceTree = "<group>";
		};
/* End PBXGroup section */

/* Begin PBXNativeTarget section */
		DEBF60922DB2C53900A0D8CA /* TestNews */ = {
			isa = PBXNativeTarget;
			buildConfigurationList = DEBF60B42DB2C53B00A0D8CA /* Build configuration list for PBXNativeTarget "TestNews" */;
			buildPhases = (
				DEBF608F2DB2C53900A0D8CA /* Sources */,
				DEBF60902DB2C53900A0D8CA /* Frameworks */,
				DEBF60912DB2C53900A0D8CA /* Resources */,
			);
			buildRules = (
			);
			dependencies = (
			);
			fileSystemSynchronizedGroups = (
				DEBF60952DB2C53900A0D8CA /* TestNews */,
			);
			name = TestNews;
			packageProductDependencies = (
			);
			productName = TestNews;
			productReference = DEBF60932DB2C53900A0D8CA /* TestNews.app */;
			productType = "com.apple.product-type.application";
		};
		DEBF609F2DB2C53B00A0D8CA /* TestNewsTests */ = {
			isa = PBXNativeTarget;
			buildConfigurationList = DEBF60B72DB2C53B00A0D8CA /* Build configuration list for PBXNativeTarget "TestNewsTests" */;
			buildPhases = (
				DEBF609C2DB2C53B00A0D8CA /* Sources */,
				DEBF609D2DB2C53B00A0D8CA /* Frameworks */,
				DEBF609E2DB2C53B00A0D8CA /* Resources */,
			);
			buildRules = (
			);
			dependencies = (
				DEBF60A22DB2C53B00A0D8CA /* PBXTargetDependency */,
			);
			fileSystemSynchronizedGroups = (
				DEBF60A32DB2C53B00A0D8CA /* TestNewsTests */,
			);
			name = TestNewsTests;
			packageProductDependencies = (
			);
			productName = TestNewsTests;
			productReference = DEBF60A02DB2C53B00A0D8CA /* TestNewsTests.xctest */;
			productType = "com.apple.product-type.bundle.unit-test";
		};
		DEBF60A92DB2C53B00A0D8CA /* TestNewsUITests */ = {
			isa = PBXNativeTarget;
			buildConfigurationList = DEBF60BA2DB2C53B00A0D8CA /* Build configuration list for PBXNativeTarget "TestNewsUITests" */;
			buildPhases = (
				DEBF60A62DB2C53B00A0D8CA /* Sources */,
				DEBF60A72DB2C53B00A0D8CA /* Frameworks */,
				DEBF60A82DB2C53B00A0D8CA /* Resources */,
			);
			buildRules = (
			);
			dependencies = (
				DEBF60AC2DB2C53B00A0D8CA /* PBXTargetDependency */,
			);
			fileSystemSynchronizedGroups = (
				DEBF60AD2DB2C53B00A0D8CA /* TestNewsUITests */,
			);
			name = TestNewsUITests;
			packageProductDependencies = (
			);
			productName = TestNewsUITests;
			productReference = DEBF60AA2DB2C53B00A0D8CA /* TestNewsUITests.xctest */;
			productType = "com.apple.product-type.bundle.ui-testing";
		};
/* End PBXNativeTarget section */

/* Begin PBXProject section */
		DEBF608B2DB2C53900A0D8CA /* Project object */ = {
			isa = PBXProject;
			attributes = {
				BuildIndependentTargetsInParallel = 1;
				LastSwiftUpdateCheck = 1630;
				LastUpgradeCheck = 1630;
				TargetAttributes = {
					DEBF60922DB2C53900A0D8CA = {
						CreatedOnToolsVersion = 16.3;
					};
					DEBF609F2DB2C53B00A0D8CA = {
						CreatedOnToolsVersion = 16.3;
						TestTargetID = DEBF60922DB2C53900A0D8CA;
					};
					DEBF60A92DB2C53B00A0D8CA = {
						CreatedOnToolsVersion = 16.3;
						TestTargetID = DEBF60922DB2C53900A0D8CA;
					};
				};
			};
			buildConfigurationList = DEBF608E2DB2C53900A0D8CA /* Build configuration list for PBXProject "TestNews" */;
			developmentRegion = en;
			hasScannedForEncodings = 0;
			knownRegions = (
				en,
				Base,
			);
			mainGroup = DEBF608A2DB2C53900A0D8CA;
			minimizedProjectReferenceProxies = 1;
			preferredProjectObjectVersion = 77;
			productRefGroup = DEBF60942DB2C53900A0D8CA /* Products */;
			projectDirPath = "";
			projectRoot = "";
			targets = (
				DEBF60922DB2C53900A0D8CA /* TestNews */,
				DEBF609F2DB2C53B00A0D8CA /* TestNewsTests */,
				DEBF60A92DB2C53B00A0D8CA /* TestNewsUITests */,
			);
		};
/* End PBXProject section */

/* Begin PBXResourcesBuildPhase section */
		DEBF60912DB2C53900A0D8CA /* Resources */ = {
			isa = PBXResourcesBuildPhase;
			buildActionMask = 2147483647;
			files = (
			);
			runOnlyForDeploymentPostprocessing = 0;
		};
		DEBF609E2DB2C53B00A0D8CA /* Resources */ = {
			isa = PBXResourcesBuildPhase;
			buildActionMask = 2147483647;
			files = (
			);
			runOnlyForDeploymentPostprocessing = 0;
		};
		DEBF60A82DB2C53B00A0D8CA /* Resources */ = {
			isa = PBXResourcesBuildPhase;
			buildActionMask = 2147483647;
			files = (
			);
			runOnlyForDeploymentPostprocessing = 0;
		};
/* End PBXResourcesBuildPhase section */

/* Begin PBXSourcesBuildPhase section */
		DEBF608F2DB2C53900A0D8CA /* Sources */ = {
			isa = PBXSourcesBuildPhase;
			buildActionMask = 2147483647;
			files = (
			);
			runOnlyForDeploymentPostprocessing = 0;
		};
		DEBF609C2DB2C53B00A0D8CA /* Sources */ = {
			isa = PBXSourcesBuildPhase;
			buildActionMask = 2147483647;
			files = (
			);
			runOnlyForDeploymentPostprocessing = 0;
		};
		DEBF60A62DB2C53B00A0D8CA /* Sources */ = {
			isa = PBXSourcesBuildPhase;
			buildActionMask = 2147483647;
			files = (
			);
			runOnlyForDeploymentPostprocessing = 0;
		};
/* End PBXSourcesBuildPhase section */

/* Begin PBXTargetDependency section */
		DEBF60A22DB2C53B00A0D8CA /* PBXTargetDependency */ = {
			isa = PBXTargetDependency;
			target = DEBF60922DB2C53900A0D8CA /* TestNews */;
			targetProxy = DEBF60A12DB2C53B00A0D8CA /* PBXContainerItemProxy */;
		};
		DEBF60AC2DB2C53B00A0D8CA /* PBXTargetDependency */ = {
			isa = PBXTargetDependency;
			target = DEBF60922DB2C53900A0D8CA /* TestNews */;
			targetProxy = DEBF60AB2DB2C53B00A0D8CA /* PBXContainerItemProxy */;
		};
/* End PBXTargetDependency section */

/* Begin XCBuildConfiguration section */
		DEBF60B22DB2C53B00A0D8CA /* Debug */ = {
			isa = XCBuildConfiguration;
			buildSettings = {
				ALWAYS_SEARCH_USER_PATHS = NO;
				ASSETCATALOG_COMPILER_GENERATE_SWIFT_ASSET_SYMBOL_EXTENSIONS = YES;
				CLANG_ANALYZER_NONNULL = YES;
				CLANG_ANALYZER_NUMBER_OBJECT_CONVERSION = YES_AGGRESSIVE;
				CLANG_CXX_LANGUAGE_STANDARD = "gnu++20";
				CLANG_ENABLE_MODULES = YES;
				CLANG_ENABLE_OBJC_ARC = YES;
				CLANG_ENABLE_OBJC_WEAK = YES;
				CLANG_WARN_BLOCK_CAPTURE_AUTORELEASING = YES;
				CLANG_WARN_BOOL_CONVERSION = YES;
				CLANG_WARN_COMMA = YES;
				CLANG_WARN_CONSTANT_CONVERSION = YES;
				CLANG_WARN_DEPRECATED_OBJC_IMPLEMENTATIONS = YES;
				CLANG_WARN_DIRECT_OBJC_ISA_USAGE = YES_ERROR;
				CLANG_WARN_DOCUMENTATION_COMMENTS = YES;
				CLANG_WARN_EMPTY_BODY = YES;
				CLANG_WARN_ENUM_CONVERSION = YES;
				CLANG_WARN_INFINITE_RECURSION = YES;
				CLANG_WARN_INT_CONVERSION = YES;
				CLANG_WARN_NON_LITERAL_NULL_CONVERSION = YES;
				CLANG_WARN_OBJC_IMPLICIT_RETAIN_SELF = YES;
				CLANG_WARN_OBJC_LITERAL_CONVERSION = YES;
				CLANG_WARN_OBJC_ROOT_CLASS = YES_ERROR;
				CLANG_WARN_QUOTED_INCLUDE_IN_FRAMEWORK_HEADER = YES;
				CLANG_WARN_RANGE_LOOP_ANALYSIS = YES;
				CLANG_WARN_STRICT_PROTOTYPES = YES;
				CLANG_WARN_SUSPICIOUS_MOVE = YES;
				CLANG_WARN_UNGUARDED_AVAILABILITY = YES_AGGRESSIVE;
				CLANG_WARN_UNREACHABLE_CODE = YES;
				CLANG_WARN__DUPLICATE_METHOD_MATCH = YES;
				COPY_PHASE_STRIP = NO;
				DEBUG_INFORMATION_FORMAT = dwarf;
				ENABLE_STRICT_OBJC_MSGSEND = YES;
				ENABLE_TESTABILITY = YES;
				ENABLE_USER_SCRIPT_SANDBOXING = YES;
				GCC_C_LANGUAGE_STANDARD = gnu17;
				GCC_DYNAMIC_NO_PIC = NO;
				GCC_NO_COMMON_BLOCKS = YES;
				GCC_OPTIMIZATION_LEVEL = 0;
				GCC_PREPROCESSOR_DEFINITIONS = (
					"DEBUG=1",
					"$(inherited)",
				);
				GCC_WARN_64_TO_32_BIT_CONVERSION = YES;
				GCC_WARN_ABOUT_RETURN_TYPE = YES_ERROR;
				GCC_WARN_UNDECLARED_SELECTOR = YES;
				GCC_WARN_UNINITIALIZED_AUTOS = YES_AGGRESSIVE;
				GCC_WARN_UNUSED_FUNCTION = YES;
				GCC_WARN_UNUSED_VARIABLE = YES;
				IPHONEOS_DEPLOYMENT_TARGET = 18.4;
				LOCALIZATION_PREFERS_STRING_CATALOGS = YES;
				MTL_ENABLE_DEBUG_INFO = INCLUDE_SOURCE;
				MTL_FAST_MATH = YES;
				ONLY_ACTIVE_ARCH = YES;
				SDKROOT = iphoneos;
				SWIFT_ACTIVE_COMPILATION_CONDITIONS = "DEBUG $(inherited)";
				SWIFT_OPTIMIZATION_LEVEL = "-Onone";
			};
			name = Debug;
		};
		DEBF60B32DB2C53B00A0D8CA /* Release */ = {
			isa = XCBuildConfiguration;
			buildSettings = {
				ALWAYS_SEARCH_USER_PATHS = NO;
				ASSETCATALOG_COMPILER_GENERATE_SWIFT_ASSET_SYMBOL_EXTENSIONS = YES;
				CLANG_ANALYZER_NONNULL = YES;
				CLANG_ANALYZER_NUMBER_OBJECT_CONVERSION = YES_AGGRESSIVE;
				CLANG_CXX_LANGUAGE_STANDARD = "gnu++20";
				CLANG_ENABLE_MODULES = YES;
				CLANG_ENABLE_OBJC_ARC = YES;
				CLANG_ENABLE_OBJC_WEAK = YES;
				CLANG_WARN_BLOCK_CAPTURE_AUTORELEASING = YES;
				CLANG_WARN_BOOL_CONVERSION = YES;
				CLANG_WARN_COMMA = YES;
				CLANG_WARN_CONSTANT_CONVERSION = YES;
				CLANG_WARN_DEPRECATED_OBJC_IMPLEMENTATIONS = YES;
				CLANG_WARN_DIRECT_OBJC_ISA_USAGE = YES_ERROR;
				CLANG_WARN_DOCUMENTATION_COMMENTS = YES;
				CLANG_WARN_EMPTY_BODY = YES;
				CLANG_WARN_ENUM_CONVERSION = YES;
				CLANG_WARN_INFINITE_RECURSION = YES;
				CLANG_WARN_INT_CONVERSION = YES;
				CLANG_WARN_NON_LITERAL_NULL_CONVERSION = YES;
				CLANG_WARN_OBJC_IMPLICIT_RETAIN_SELF = YES;
				CLANG_WARN_OBJC_LITERAL_CONVERSION = YES;
				CLANG_WARN_OBJC_ROOT_CLASS = YES_ERROR;
				CLANG_WARN_QUOTED_INCLUDE_IN_FRAMEWORK_HEADER = YES;
				CLANG_WARN_RANGE_LOOP_ANALYSIS = YES;
				CLANG_WARN_STRICT_PROTOTYPES = YES;
				CLANG_WARN_SUSPICIOUS_MOVE = YES;
				CLANG_WARN_UNGUARDED_AVAILABILITY = YES_AGGRESSIVE;
				CLANG_WARN_UNREACHABLE_CODE = YES;
				CLANG_WARN__DUPLICATE_METHOD_MATCH = YES;
				COPY_PHASE_STRIP = NO;
				DEBUG_INFORMATION_FORMAT = "dwarf-with-dsym";
				ENABLE_NS_ASSERTIONS = NO;
				ENABLE_STRICT_OBJC_MSGSEND = YES;
				ENABLE_USER_SCRIPT_SANDBOXING = YES;
				GCC_C_LANGUAGE_STANDARD = gnu17;
				GCC_NO_COMMON_BLOCKS = YES;
				GCC_WARN_64_TO_32_BIT_CONVERSION = YES;
				GCC_WARN_ABOUT_RETURN_TYPE = YES_ERROR;
				GCC_WARN_UNDECLARED_SELECTOR = YES;
				GCC_WARN_UNINITIALIZED_AUTOS = YES_AGGRESSIVE;
				GCC_WARN_UNUSED_FUNCTION = YES;
				GCC_WARN_UNUSED_VARIABLE = YES;
				IPHONEOS_DEPLOYMENT_TARGET = 18.4;
				LOCALIZATION_PREFERS_STRING_CATALOGS = YES;
				MTL_ENABLE_DEBUG_INFO = NO;
				MTL_FAST_MATH = YES;
				SDKROOT = iphoneos;
				SWIFT_COMPILATION_MODE = wholemodule;
				VALIDATE_PRODUCT = YES;
			};
			name = Release;
		};
		DEBF60B52DB2C53B00A0D8CA /* Debug */ = {
			isa = XCBuildConfiguration;
			buildSettings = {
				ASSETCATALOG_COMPILER_APPICON_NAME = AppIcon;
				ASSETCATALOG_COMPILER_GLOBAL_ACCENT_COLOR_NAME = AccentColor;
				CODE_SIGN_STYLE = Automatic;
				CURRENT_PROJECT_VERSION = 1;
				ENABLE_PREVIEWS = YES;
				GENERATE_INFOPLIST_FILE = YES;
				INFOPLIST_KEY_UIApplicationSceneManifest_Generation = YES;
				INFOPLIST_KEY_UIApplicationSupportsIndirectInputEvents = YES;
				INFOPLIST_KEY_UILaunchScreen_Generation = YES;
				INFOPLIST_KEY_UISupportedInterfaceOrientations_iPad = "UIInterfaceOrientationPortrait UIInterfaceOrientationPortraitUpsideDown UIInterfaceOrientationLandscapeLeft UIInterfaceOrientationLandscapeRight";
				INFOPLIST_KEY_UISupportedInterfaceOrientations_iPhone = "UIInterfaceOrientationPortrait UIInterfaceOrientationLandscapeLeft UIInterfaceOrientationLandscapeRight";
				LD_RUNPATH_SEARCH_PATHS = (
					"$(inherited)",
					"@executable_path/Frameworks",
				);
				MARKETING_VERSION = 1.0;
				PRODUCT_BUNDLE_IDENTIFIER = c.t1.TestNews;
				PRODUCT_NAME = "$(TARGET_NAME)";
				SWIFT_EMIT_LOC_STRINGS = YES;
				SWIFT_VERSION = 5.0;
				TARGETED_DEVICE_FAMILY = "1,2";
			};
			name = Debug;
		};
		DEBF60B62DB2C53B00A0D8CA /* Release */ = {
			isa = XCBuildConfiguration;
			buildSettings = {
				ASSETCATALOG_COMPILER_APPICON_NAME = AppIcon;
				ASSETCATALOG_COMPILER_GLOBAL_ACCENT_COLOR_NAME = AccentColor;
				CODE_SIGN_STYLE = Automatic;
				CURRENT_PROJECT_VERSION = 1;
				ENABLE_PREVIEWS = YES;
				GENERATE_INFOPLIST_FILE = YES;
				INFOPLIST_KEY_UIApplicationSceneManifest_Generation = YES;
				INFOPLIST_KEY_UIApplicationSupportsIndirectInputEvents = YES;
				INFOPLIST_KEY_UILaunchScreen_Generation = YES;
				INFOPLIST_KEY_UISupportedInterfaceOrientations_iPad = "UIInterfaceOrientationPortrait UIInterfaceOrientationPortraitUpsideDown UIInterfaceOrientationLandscapeLeft UIInterfaceOrientationLandscapeRight";
				INFOPLIST_KEY_UISupportedInterfaceOrientations_iPhone = "UIInterfaceOrientationPortrait UIInterfaceOrientationLandscapeLeft UIInterfaceOrientationLandscapeRight";
				LD_RUNPATH_SEARCH_PATHS = (
					"$(inherited)",
					"@executable_path/Frameworks",
				);
				MARKETING_VERSION = 1.0;
				PRODUCT_BUNDLE_IDENTIFIER = c.t1.TestNews;
				PRODUCT_NAME = "$(TARGET_NAME)";
				SWIFT_EMIT_LOC_STRINGS = YES;
				SWIFT_VERSION = 5.0;
				TARGETED_DEVICE_FAMILY = "1,2";
			};
			name = Release;
		};
		DEBF60B82DB2C53B00A0D8CA /* Debug */ = {
			isa = XCBuildConfiguration;
			buildSettings = {
				BUNDLE_LOADER = "$(TEST_HOST)";
				CODE_SIGN_STYLE = Automatic;
				CURRENT_PROJECT_VERSION = 1;
				GENERATE_INFOPLIST_FILE = YES;
				IPHONEOS_DEPLOYMENT_TARGET = 18.4;
				MARKETING_VERSION = 1.0;
				PRODUCT_BUNDLE_IDENTIFIER = c.t1.TestNewsTests;
				PRODUCT_NAME = "$(TARGET_NAME)";
				SWIFT_EMIT_LOC_STRINGS = NO;
				SWIFT_VERSION = 5.0;
				TARGETED_DEVICE_FAMILY = "1,2";
				TEST_HOST = "$(BUILT_PRODUCTS_DIR)/TestNews.app/$(BUNDLE_EXECUTABLE_FOLDER_PATH)/TestNews";
			};
			name = Debug;
		};
		DEBF60B92DB2C53B00A0D8CA /* Release */ = {
			isa = XCBuildConfiguration;
			buildSettings = {
				BUNDLE_LOADER = "$(TEST_HOST)";
				CODE_SIGN_STYLE = Automatic;
				CURRENT_PROJECT_VERSION = 1;
				GENERATE_INFOPLIST_FILE = YES;
				IPHONEOS_DEPLOYMENT_TARGET = 18.4;
				MARKETING_VERSION = 1.0;
				PRODUCT_BUNDLE_IDENTIFIER = c.t1.TestNewsTests;
				PRODUCT_NAME = "$(TARGET_NAME)";
				SWIFT_EMIT_LOC_STRINGS = NO;
				SWIFT_VERSION = 5.0;
				TARGETED_DEVICE_FAMILY = "1,2";
				TEST_HOST = "$(BUILT_PRODUCTS_DIR)/TestNews.app/$(BUNDLE_EXECUTABLE_FOLDER_PATH)/TestNews";
			};
			name = Release;
		};
		DEBF60BB2DB2C53B00A0D8CA /* Debug */ = {
			isa = XCBuildConfiguration;
			buildSettings = {
				CODE_SIGN_STYLE = Automatic;
				CURRENT_PROJECT_VERSION = 1;
				GENERATE_INFOPLIST_FILE = YES;
				MARKETING_VERSION = 1.0;
				PRODUCT_BUNDLE_IDENTIFIER = c.t1.TestNewsUITests;
				PRODUCT_NAME = "$(TARGET_NAME)";
				SWIFT_EMIT_LOC_STRINGS = NO;
				SWIFT_VERSION = 5.0;
				TARGETED_DEVICE_FAMILY = "1,2";
				TEST_TARGET_NAME = TestNews;
			};
			name = Debug;
		};
		DEBF60BC2DB2C53B00A0D8CA /* Release */ = {
			isa = XCBuildConfiguration;
			buildSettings = {
				CODE_SIGN_STYLE = Automatic;
				CURRENT_PROJECT_VERSION = 1;
				GENERATE_INFOPLIST_FILE = YES;
				MARKETING_VERSION = 1.0;
				PRODUCT_BUNDLE_IDENTIFIER = c.t1.TestNewsUITests;
				PRODUCT_NAME = "$(TARGET_NAME)";
				SWIFT_EMIT_LOC_STRINGS = NO;
				SWIFT_VERSION = 5.0;
				TARGETED_DEVICE_FAMILY = "1,2";
				TEST_TARGET_NAME = TestNews;
			};
			name = Release;
		};
/* End XCBuildConfiguration section */

/* Begin XCConfigurationList section */
		DEBF608E2DB2C53900A0D8CA /* Build configuration list for PBXProject "TestNews" */ = {
			isa = XCConfigurationList;
			buildConfigurations = (
				DEBF60B22DB2C53B00A0D8CA /* Debug */,
				DEBF60B32DB2C53B00A0D8CA /* Release */,
			);
			defaultConfigurationIsVisible = 0;
			defaultConfigurationName = Release;
		};
		DEBF60B42DB2C53B00A0D8CA /* Build configuration list for PBXNativeTarget "TestNews" */ = {
			isa = XCConfigurationList;
			buildConfigurations = (
				DEBF60B52DB2C53B00A0D8CA /* Debug */,
				DEBF60B62DB2C53B00A0D8CA /* Release */,
			);
			defaultConfigurationIsVisible = 0;
			defaultConfigurationName = Release;
		};
		DEBF60B72DB2C53B00A0D8CA /* Build configuration list for PBXNativeTarget "TestNewsTests" */ = {
			isa = XCConfigurationList;
			buildConfigurations = (
				DEBF60B82DB2C53B00A0D8CA /* Debug */,
				DEBF60B92DB2C53B00A0D8CA /* Release */,
			);
			defaultConfigurationIsVisible = 0;
			defaultConfigurationName = Release;
		};
		DEBF60BA2DB2C53B00A0D8CA /* Build configuration list for PBXNativeTarget "TestNewsUITests" */ = {
			isa = XCConfigurationList;
			buildConfigurations = (
				DEBF60BB2DB2C53B00A0D8CA /* Debug */,
				DEBF60BC2DB2C53B00A0D8CA /* Release */,
			);
			defaultConfigurationIsVisible = 0;
			defaultConfigurationName = Release;
		};
/* End XCConfigurationList section */
	};
	rootObject = DEBF608B2DB2C53900A0D8CA /* Project object */;
}
